// !$*UTF8*$!
{
	archiveVersion = 1;
	classes = {
	};
	objectVersion = 48;
	objects = {

/* Begin PBXBuildFile section */
		84CD3AFC212BAD6100739A14 /* AppDelegate.m in Sources */ = {isa = PBXBuildFile; fileRef = 84CD3AFB212BAD6100739A14 /* AppDelegate.m */; };
		84CD3AFF212BAD6100739A14 /* ViewController.m in Sources */ = {isa = PBXBuildFile; fileRef = 84CD3AFE212BAD6100739A14 /* ViewController.m */; };
		84CD3B02212BAD6100739A14 /* Main.storyboard in Resources */ = {isa = PBXBuildFile; fileRef = 84CD3B00212BAD6100739A14 /* Main.storyboard */; };
		84CD3B04212BAD6100739A14 /* Assets.xcassets in Resources */ = {isa = PBXBuildFile; fileRef = 84CD3B03212BAD6100739A14 /* Assets.xcassets */; };
		84CD3B07212BAD6100739A14 /* LaunchScreen.storyboard in Resources */ = {isa = PBXBuildFile; fileRef = 84CD3B05212BAD6100739A14 /* LaunchScreen.storyboard */; };
		84CD3B0A212BAD6100739A14 /* main.m in Sources */ = {isa = PBXBuildFile; fileRef = 84CD3B09212BAD6100739A14 /* main.m */; };
/* End PBXBuildFile section */

/* Begin PBXFileReference section */
		847BB739212D0DA5002EB379 /* IcouldDemo.md */ = {isa = PBXFileReference; lastKnownFileType = net.daringfireball.markdown; path = IcouldDemo.md; sourceTree = "<group>"; };
		84CD3AF7212BAD6100739A14 /* IcouldDemo.app */ = {isa = PBXFileReference; explicitFileType = wrapper.application; includeInIndex = 0; path = IcouldDemo.app; sourceTree = BUILT_PRODUCTS_DIR; };
		84CD3AFA212BAD6100739A14 /* AppDelegate.h */ = {isa = PBXFileReference; lastKnownFileType = sourcecode.c.h; path = AppDelegate.h; sourceTree = "<group>"; };
		84CD3AFB212BAD6100739A14 /* AppDelegate.m */ = {isa = PBXFileReference; lastKnownFileType = sourcecode.c.objc; path = AppDelegate.m; sourceTree = "<group>"; };
		84CD3AFD212BAD6100739A14 /* ViewController.h */ = {isa = PBXFileReference; lastKnownFileType = sourcecode.c.h; path = ViewController.h; sourceTree = "<group>"; };
		84CD3AFE212BAD6100739A14 /* ViewController.m */ = {isa = PBXFileReference; lastKnownFileType = sourcecode.c.objc; path = ViewController.m; sourceTree = "<group>"; };
		84CD3B01212BAD6100739A14 /* Base */ = {isa = PBXFileReference; lastKnownFileType = file.storyboard; name = Base; path = Base.lproj/Main.storyboard; sourceTree = "<group>"; };
		84CD3B03212BAD6100739A14 /* Assets.xcassets */ = {isa = PBXFileReference; lastKnownFileType = folder.assetcatalog; path = Assets.xcassets; sourceTree = "<group>"; };
		84CD3B06212BAD6100739A14 /* Base */ = {isa = PBXFileReference; lastKnownFileType = file.storyboard; name = Base; path = Base.lproj/LaunchScreen.storyboard; sourceTree = "<group>"; };
		84CD3B08212BAD6100739A14 /* Info.plist */ = {isa = PBXFileReference; lastKnownFileType = text.plist.xml; path = Info.plist; sourceTree = "<group>"; };
		84CD3B09212BAD6100739A14 /* main.m */ = {isa = PBXFileReference; lastKnownFileType = sourcecode.c.objc; path = main.m; sourceTree = "<group>"; };
		84CD3B10212BAD8E00739A14 /* IcouldDemo.entitlements */ = {isa = PBXFileReference; lastKnownFileType = text.plist.entitlements; path = IcouldDemo.entitlements; sourceTree = "<group>"; };
/* End PBXFileReference section */

/* Begin PBXFrameworksBuildPhase section */
		84CD3AF4212BAD6100739A14 /* Frameworks */ = {
			isa = PBXFrameworksBuildPhase;
			buildActionMask = 2147483647;
			files = (
			);
			runOnlyForDeploymentPostprocessing = 0;
		};
/* End PBXFrameworksBuildPhase section */

/* Begin PBXGroup section */
		84CD3AEE212BAD6100739A14 = {
			isa = PBXGroup;
			children = (
				847BB739212D0DA5002EB379 /* IcouldDemo.md */,
				84CD3AF9212BAD6100739A14 /* IcouldDemo */,
				84CD3AF8212BAD6100739A14 /* Products */,
				84CD3B11212BB7F400739A14 /* Frameworks */,
			);
			sourceTree = "<group>";
		};
		84CD3AF8212BAD6100739A14 /* Products */ = {
			isa = PBXGroup;
			children = (
				84CD3AF7212BAD6100739A14 /* IcouldDemo.app */,
			);
			name = Products;
			sourceTree = "<group>";
		};
		84CD3AF9212BAD6100739A14 /* IcouldDemo */ = {
			isa = PBXGroup;
			children = (
				84CD3B10212BAD8E00739A14 /* IcouldDemo.entitlements */,
				84CD3AFA212BAD6100739A14 /* AppDelegate.h */,
				84CD3AFB212BAD6100739A14 /* AppDelegate.m */,
				84CD3AFD212BAD6100739A14 /* ViewController.h */,
				84CD3AFE212BAD6100739A14 /* ViewController.m */,
				84CD3B00212BAD6100739A14 /* Main.storyboard */,
				84CD3B03212BAD6100739A14 /* Assets.xcassets */,
				84CD3B05212BAD6100739A14 /* LaunchScreen.storyboard */,
				84CD3B08212BAD6100739A14 /* Info.plist */,
				84CD3B09212BAD6100739A14 /* main.m */,
			);
			path = IcouldDemo;
			sourceTree = "<group>";
		};
		84CD3B11212BB7F400739A14 /* Frameworks */ = {
			isa = PBXGroup;
			children = (
			);
			name = Frameworks;
			sourceTree = "<group>";
		};
/* End PBXGroup section */

/* Begin PBXNativeTarget section */
		84CD3AF6212BAD6100739A14 /* IcouldDemo */ = {
			isa = PBXNativeTarget;
			buildConfigurationList = 84CD3B0D212BAD6100739A14 /* Build configuration list for PBXNativeTarget "IcouldDemo" */;
			buildPhases = (
				84CD3AF3212BAD6100739A14 /* Sources */,
				84CD3AF4212BAD6100739A14 /* Frameworks */,
				84CD3AF5212BAD6100739A14 /* Resources */,
			);
			buildRules = (
			);
			dependencies = (
			);
			name = IcouldDemo;
			productName = IcouldDemo;
			productReference = 84CD3AF7212BAD6100739A14 /* IcouldDemo.app */;
			productType = "com.apple.product-type.application";
		};
/* End PBXNativeTarget section */

/* Begin PBXProject section */
		84CD3AEF212BAD6100739A14 /* Project object */ = {
			isa = PBXProject;
			attributes = {
				LastUpgradeCheck = 0920;
				ORGANIZATIONNAME = OneByte;
				TargetAttributes = {
					84CD3AF6212BAD6100739A14 = {
						CreatedOnToolsVersion = 9.2;
						ProvisioningStyle = Automatic;
						SystemCapabilities = {
							com.apple.Push = {
								enabled = 1;
							};
							com.apple.iCloud = {
								enabled = 1;
							};
						};
					};
				};
			};
			buildConfigurationList = 84CD3AF2212BAD6100739A14 /* Build configuration list for PBXProject "IcouldDemo" */;
			compatibilityVersion = "Xcode 8.0";
			developmentRegion = en;
			hasScannedForEncodings = 0;
			knownRegions = (
				en,
				Base,
			);
			mainGroup = 84CD3AEE212BAD6100739A14;
			productRefGroup = 84CD3AF8212BAD6100739A14 /* Products */;
			projectDirPath = "";
			projectRoot = "";
			targets = (
				84CD3AF6212BAD6100739A14 /* IcouldDemo */,
			);
		};
/* End PBXProject section */

/* Begin PBXResourcesBuildPhase section */
		84CD3AF5212BAD6100739A14 /* Resources */ = {
			isa = PBXResourcesBuildPhase;
			buildActionMask = 2147483647;
			files = (
				84CD3B07212BAD6100739A14 /* LaunchScreen.storyboard in Resources */,
				84CD3B04212BAD6100739A14 /* Assets.xcassets in Resources */,
				84CD3B02212BAD6100739A14 /* Main.storyboard in Resources */,
			);
			runOnlyForDeploymentPostprocessing = 0;
		};
/* End PBXResourcesBuildPhase section */

/* Begin PBXSourcesBuildPhase section */
		84CD3AF3212BAD6100739A14 /* Sources */ = {
			isa = PBXSourcesBuildPhase;
			buildActionMask = 2147483647;
			files = (
				84CD3AFF212BAD6100739A14 /* ViewController.m in Sources */,
				84CD3B0A212BAD6100739A14 /* main.m in Sources */,
				84CD3AFC212BAD6100739A14 /* AppDelegate.m in Sources */,
			);
			runOnlyForDeploymentPostprocessing = 0;
		};
/* End PBXSourcesBuildPhase section */

/* Begin PBXVariantGroup section */
		84CD3B00212BAD6100739A14 /* Main.storyboard */ = {
			isa = PBXVariantGroup;
			children = (
				84CD3B01212BAD6100739A14 /* Base */,
			);
			name = Main.storyboard;
			sourceTree = "<group>";
		};
		84CD3B05212BAD6100739A14 /* LaunchScreen.storyboard */ = {
			isa = PBXVariantGroup;
			children = (
				84CD3B06212BAD6100739A14 /* Base */,
			);
			name = LaunchScreen.storyboard;
			sourceTree = "<group>";
		};
/* End PBXVariantGroup section */

/* Begin XCBuildConfiguration section */
		84CD3B0B212BAD6100739A14 /* Debug */ = {
			isa = XCBuildConfiguration;
			buildSettings = {
				ALWAYS_SEARCH_USER_PATHS = NO;
				CLANG_ANALYZER_NONNULL = YES;
				CLANG_ANALYZER_NUMBER_OBJECT_CONVERSION = YES_AGGRESSIVE;
				CLANG_CXX_LANGUAGE_STANDARD = "gnu++14";
				CLANG_CXX_LIBRARY = "libc++";
				CLANG_ENABLE_MODULES = YES;
				CLANG_ENABLE_OBJC_ARC = YES;
				CLANG_WARN_BLOCK_CAPTURE_AUTORELEASING = YES;
				CLANG_WARN_BOOL_CONVERSION = YES;
				CLANG_WARN_COMMA = YES;
				CLANG_WARN_CONSTANT_CONVERSION = YES;
				CLANG_WARN_DIRECT_OBJC_ISA_USAGE = YES_ERROR;
				CLANG_WARN_DOCUMENTATION_COMMENTS = YES;
				CLANG_WARN_EMPTY_BODY = YES;
				CLANG_WARN_ENUM_CONVERSION = YES;
				CLANG_WARN_INFINITE_RECURSION = YES;
				CLANG_WARN_INT_CONVERSION = YES;
				CLANG_WARN_NON_LITERAL_NULL_CONVERSION = YES;
				CLANG_WARN_OBJC_LITERAL_CONVERSION = YES;
				CLANG_WARN_OBJC_ROOT_CLASS = YES_ERROR;
				CLANG_WARN_RANGE_LOOP_ANALYSIS = YES;
				CLANG_WARN_STRICT_PROTOTYPES = YES;
				CLANG_WARN_SUSPICIOUS_MOVE = YES;
				CLANG_WARN_UNGUARDED_AVAILABILITY = YES_AGGRESSIVE;
				CLANG_WARN_UNREACHABLE_CODE = YES;
				CLANG_WARN__DUPLICATE_METHOD_MATCH = YES;
				CODE_SIGN_IDENTITY = "iPhone Developer";
				COPY_PHASE_STRIP = NO;
				DEBUG_INFORMATION_FORMAT = dwarf;
				ENABLE_STRICT_OBJC_MSGSEND = YES;
				ENABLE_TESTABILITY = YES;
				GCC_C_LANGUAGE_STANDARD = gnu11;
				GCC_DYNAMIC_NO_PIC = NO;
				GCC_NO_COMMON_BLOCKS = YES;
				GCC_OPTIMIZATION_LEVEL = 0;
				GCC_PREPROCESSOR_DEFINITIONS = (
					"DEBUG=1",
					"$(inherited)",
				);
				GCC_WARN_64_TO_32_BIT_CONVERSION = YES;
				GCC_WARN_ABOUT_RETURN_TYPE = YES_ERROR;
				GCC_WARN_UNDECLARED_SELECTOR = YES;
				GCC_WARN_UNINITIALIZED_AUTOS = YES_AGGRESSIVE;
				GCC_WARN_UNUSED_FUNCTION = YES;
				GCC_WARN_UNUSED_VARIABLE = YES;
				IPHONEOS_DEPLOYMENT_TARGET = 11.2;
				MTL_ENABLE_DEBUG_INFO = YES;
				ONLY_ACTIVE_ARCH = YES;
				SDKROOT = iphoneos;
			};
			name = Debug;
		};
		84CD3B0C212BAD6100739A14 /* Release */ = {
			isa = XCBuildConfiguration;
			buildSettings = {
				ALWAYS_SEARCH_USER_PATHS = NO;
				CLANG_ANALYZER_NONNULL = YES;
				CLANG_ANALYZER_NUMBER_OBJECT_CONVERSION = YES_AGGRESSIVE;
				CLANG_CXX_LANGUAGE_STANDARD = "gnu++14";
				CLANG_CXX_LIBRARY = "libc++";
				CLANG_ENABLE_MODULES = YES;
				CLANG_ENABLE_OBJC_ARC = YES;
				CLANG_WARN_BLOCK_CAPTURE_AUTORELEASING = YES;
				CLANG_WARN_BOOL_CONVERSION = YES;
				CLANG_WARN_COMMA = YES;
				CLANG_WARN_CONSTANT_CONVERSION = YES;
				CLANG_WARN_DIRECT_OBJC_ISA_USAGE = YES_ERROR;
				CLANG_WARN_DOCUMENTATION_COMMENTS = YES;
				CLANG_WARN_EMPTY_BODY = YES;
				CLANG_WARN_ENUM_CONVERSION = YES;
				CLANG_WARN_INFINITE_RECURSION = YES;
				CLANG_WARN_INT_CONVERSION = YES;
				CLANG_WARN_NON_LITERAL_NULL_CONVERSION = YES;
				CLANG_WARN_OBJC_LITERAL_CONVERSION = YES;
				CLANG_WARN_OBJC_ROOT_CLASS = YES_ERROR;
				CLANG_WARN_RANGE_LOOP_ANALYSIS = YES;
				CLANG_WARN_STRICT_PROTOTYPES = YES;
				CLANG_WARN_SUSPICIOUS_MOVE = YES;
				CLANG_WARN_UNGUARDED_AVAILABILITY = YES_AGGRESSIVE;
				CLANG_WARN_UNREACHABLE_CODE = YES;
				CLANG_WARN__DUPLICATE_METHOD_MATCH = YES;
				CODE_SIGN_IDENTITY = "iPhone Developer";
				COPY_PHASE_STRIP = NO;
				DEBUG_INFORMATION_FORMAT = "dwarf-with-dsym";
				ENABLE_NS_ASSERTIONS = NO;
				ENABLE_STRICT_OBJC_MSGSEND = YES;
				GCC_C_LANGUAGE_STANDARD = gnu11;
				GCC_NO_COMMON_BLOCKS = YES;
				GCC_WARN_64_TO_32_BIT_CONVERSION = YES;
				GCC_WARN_ABOUT_RETURN_TYPE = YES_ERROR;
				GCC_WARN_UNDECLARED_SELECTOR = YES;
				GCC_WARN_UNINITIALIZED_AUTOS = YES_AGGRESSIVE;
				GCC_WARN_UNUSED_FUNCTION = YES;
				GCC_WARN_UNUSED_VARIABLE = YES;
				IPHONEOS_DEPLOYMENT_TARGET = 11.2;
				MTL_ENABLE_DEBUG_INFO = NO;
				SDKROOT = iphoneos;
				VALIDATE_PRODUCT = YES;
			};
			name = Release;
		};
		84CD3B0E212BAD6100739A14 /* Debug */ = {
			isa = XCBuildConfiguration;
			buildSettings = {
				ASSETCATALOG_COMPILER_APPICON_NAME = AppIcon;
				CODE_SIGN_ENTITLEMENTS = IcouldDemo/IcouldDemo.entitlements;
				CODE_SIGN_STYLE = Automatic;
				DEVELOPMENT_TEAM = PBRXDJ35T6;
				INFOPLIST_FILE = IcouldDemo/Info.plist;
				IPHONEOS_DEPLOYMENT_TARGET = 9.0;
				LD_RUNPATH_SEARCH_PATHS = "$(inherited) @executable_path/Frameworks";
				PRODUCT_BUNDLE_IDENTIFIER = OneByte.IcouldDemo;
				PRODUCT_NAME = "$(TARGET_NAME)";
				TARGETED_DEVICE_FAMILY = 1;
			};
			name = Debug;
		};
		84CD3B0F212BAD6100739A14 /* Release */ = {
			isa = XCBuildConfiguration;
			buildSettings = {
				ASSETCATALOG_COMPILER_APPICON_NAME = AppIcon;
				CODE_SIGN_ENTITLEMENTS = IcouldDemo/IcouldDemo.entitlements;
				CODE_SIGN_STYLE = Automatic;
				DEVELOPMENT_TEAM = PBRXDJ35T6;
				INFOPLIST_FILE = IcouldDemo/Info.plist;
				IPHONEOS_DEPLOYMENT_TARGET = 9.0;
				LD_RUNPATH_SEARCH_PATHS = "$(inherited) @executable_path/Frameworks";
				PRODUCT_BUNDLE_IDENTIFIER = OneByte.IcouldDemo;
				PRODUCT_NAME = "$(TARGET_NAME)";
				TARGETED_DEVICE_FAMILY = 1;
			};
			name = Release;
		};
/* End XCBuildConfiguration section */

/* Begin XCConfigurationList section */
		84CD3AF2212BAD6100739A14 /* Build configuration list for PBXProject "IcouldDemo" */ = {
			isa = XCConfigurationList;
			buildConfigurations = (
				84CD3B0B212BAD6100739A14 /* Debug */,
				84CD3B0C212BAD6100739A14 /* Release */,
			);
			defaultConfigurationIsVisible = 0;
			defaultConfigurationName = Release;
		};
		84CD3B0D212BAD6100739A14 /* Build configuration list for PBXNativeTarget "IcouldDemo" */ = {
			isa = XCConfigurationList;
			buildConfigurations = (
				84CD3B0E212BAD6100739A14 /* Debug */,
				84CD3B0F212BAD6100739A14 /* Release */,
			);
			defaultConfigurationIsVisible = 0;
			defaultConfigurationName = Release;
		};
/* End XCConfigurationList section */
	};
	rootObject = 84CD3AEF212BAD6100739A14 /* Project object */;
}
